{
  "version": 4,
  "terraform_version": "1.9.8",
  "serial": 209,
  "lineage": "e3b830d9-3990-e34a-a9ea-b3a75faa7443",
  "outputs": {},
  "resources": [
    {
      "module": "module.ec2",
      "mode": "data",
      "type": "aws_ssm_parameter",
      "name": "ubuntu_ami",
      "provider": "provider[\"registry.terraform.io/hashicorp/aws\"]",
      "instances": [
        {
          "schema_version": 0,
          "attributes": {
            "arn": "arn:aws:ssm:eu-west-2::parameter/aws/service/canonical/ubuntu/server/22.04/stable/current/amd64/hvm/ebs-gp2/ami-id",
            "id": "/aws/service/canonical/ubuntu/server/22.04/stable/current/amd64/hvm/ebs-gp2/ami-id",
            "insecure_value": "ami-03ceeb33c1e4abcd1",
            "name": "/aws/service/canonical/ubuntu/server/22.04/stable/current/amd64/hvm/ebs-gp2/ami-id",
            "type": "String",
            "value": "ami-03ceeb33c1e4abcd1",
            "version": 30,
            "with_decryption": true
          },
          "sensitive_attributes": [
            [
              {
                "type": "get_attr",
                "value": "value"
              }
            ]
          ]
        }
      ]
    },
    {
      "module": "module.ec2",
      "mode": "managed",
      "type": "aws_instance",
      "name": "ec2",
      "provider": "provider[\"registry.terraform.io/hashicorp/aws\"]",
      "instances": [
        {
          "schema_version": 1,
          "attributes": {
            "ami": "ami-03ceeb33c1e4abcd1",
            "arn": "arn:aws:ec2:eu-west-2:346596735478:instance/i-05727b3c59d07e93e",
            "associate_public_ip_address": true,
            "availability_zone": "eu-west-2a",
            "capacity_reservation_specification": [
              {
                "capacity_reservation_preference": "open",
                "capacity_reservation_target": []
              }
            ],
            "cpu_core_count": 1,
            "cpu_options": [
              {
                "amd_sev_snp": "",
                "core_count": 1,
                "threads_per_core": 2
              }
            ],
            "cpu_threads_per_core": 2,
            "credit_specification": [
              {
                "cpu_credits": "unlimited"
              }
            ],
            "disable_api_stop": false,
            "disable_api_termination": false,
            "ebs_block_device": [],
            "ebs_optimized": false,
            "enclave_options": [
              {
                "enabled": false
              }
            ],
            "ephemeral_block_device": [],
            "get_password_data": false,
            "hibernation": false,
            "host_id": "",
            "host_resource_group_arn": null,
            "iam_instance_profile": "",
            "id": "i-05727b3c59d07e93e",
            "instance_initiated_shutdown_behavior": "stop",
            "instance_lifecycle": "",
            "instance_market_options": [],
            "instance_state": "running",
            "instance_type": "t3.micro",
            "ipv6_address_count": 0,
            "ipv6_addresses": [],
            "key_name": "chatbot-dev-ec2-key",
            "launch_template": [],
            "maintenance_options": [
              {
                "auto_recovery": "default"
              }
            ],
            "metadata_options": [
              {
                "http_endpoint": "enabled",
                "http_protocol_ipv6": "disabled",
                "http_put_response_hop_limit": 1,
                "http_tokens": "optional",
                "instance_metadata_tags": "disabled"
              }
            ],
            "monitoring": false,
            "network_interface": [],
            "outpost_arn": "",
            "password_data": "",
            "placement_group": "",
            "placement_partition_number": 0,
            "primary_network_interface_id": "eni-0e058248b61747102",
            "private_dns": "ip-10-0-1-84.eu-west-2.compute.internal",
            "private_dns_name_options": [
              {
                "enable_resource_name_dns_a_record": false,
                "enable_resource_name_dns_aaaa_record": false,
                "hostname_type": "ip-name"
              }
            ],
            "private_ip": "10.0.1.84",
            "public_dns": "ec2-18-175-147-82.eu-west-2.compute.amazonaws.com",
            "public_ip": "18.175.147.82",
            "root_block_device": [
              {
                "delete_on_termination": true,
                "device_name": "/dev/sda1",
                "encrypted": false,
                "iops": 100,
                "kms_key_id": "",
                "tags": {},
                "throughput": 0,
                "volume_id": "vol-0dd6efbecf01475a7",
                "volume_size": 8,
                "volume_type": "gp2"
              }
            ],
            "secondary_private_ips": [],
            "security_groups": [],
            "source_dest_check": true,
            "spot_instance_request_id": "",
            "subnet_id": "subnet-001d83c9829de3073",
            "tags": {
              "Name": "chatbot-dev-ec2"
            },
            "tags_all": {
              "Name": "chatbot-dev-ec2"
            },
            "tenancy": "default",
            "timeouts": null,
            "user_data": null,
            "user_data_base64": null,
            "user_data_replace_on_change": false,
            "volume_tags": null,
            "vpc_security_group_ids": [
              "sg-006d342c2edb24f27"
            ]
          },
          "sensitive_attributes": [],
          "private": "eyJlMmJmYjczMC1lY2FhLTExZTYtOGY4OC0zNDM2M2JjN2M0YzAiOnsiY3JlYXRlIjo2MDAwMDAwMDAwMDAsImRlbGV0ZSI6MTIwMDAwMDAwMDAwMCwidXBkYXRlIjo2MDAwMDAwMDAwMDB9LCJzY2hlbWFfdmVyc2lvbiI6IjEifQ==",
          "dependencies": [
            "module.ec2.aws_key_pair.ec2_key_pair",
            "module.ec2.data.aws_ssm_parameter.ubuntu_ami",
            "module.ec2.tls_private_key.ec2_key_pair",
            "module.network.aws_subnet.public",
            "module.network.aws_vpc.vpc",
            "module.network.data.aws_availability_zones.available",
            "module.sg.aws_security_group.ec2_sg"
          ]
        }
      ]
    },
    {
      "module": "module.ec2",
      "mode": "managed",
      "type": "aws_key_pair",
      "name": "ec2_key_pair",
      "provider": "provider[\"registry.terraform.io/hashicorp/aws\"]",
      "instances": [
        {
          "schema_version": 1,
          "attributes": {
            "arn": "arn:aws:ec2:eu-west-2:346596735478:key-pair/chatbot-dev-ec2-key",
            "fingerprint": "e8:68:02:b9:92:34:3a:ad:f0:89:f5:0e:fa:b3:32:2d",
            "id": "chatbot-dev-ec2-key",
            "key_name": "chatbot-dev-ec2-key",
            "key_name_prefix": "",
            "key_pair_id": "key-0a86a3d8b4cfb39ef",
            "key_type": "rsa",
            "public_key": "ssh-rsa AAAAB3NzaC1yc2EAAAADAQABAAABAQC55XxiwpqHPn4anXc6Zg2ZqrdmEjLjM4BXwXF7U4wLLX0pgyFsg3U/XSo4HmfwpZf3NzHpoHRNHRPv+P8In65DLmxkfD3Mto/zdbtEEkweFUeAZOK+8BeCtFqyA2iY4vjquSRpFAJjq8zBVBnnORGwf80/dHMFttqYKCXw40FEo9JbG10d7mkCcy9+CjRpDa3tHjpfGr/t55Fy2p76sKOLcu6i0ftZnd9kitSm65V32FYukp9HUmGwIne7qjCAl4oYKJGsry2N+OMHzYZN2d2wczDL4CQmmfylhIRPmHl1h27ErYwhZ+uhGI0x/5REd79RznFL/1ucVwaXurorchZ1",
            "tags": null,
            "tags_all": {}
          },
          "sensitive_attributes": [],
          "private": "eyJzY2hlbWFfdmVyc2lvbiI6IjEifQ==",
          "dependencies": [
            "module.ec2.tls_private_key.ec2_key_pair"
          ]
        }
      ]
    },
    {
      "module": "module.ec2",
      "mode": "managed",
      "type": "local_file",
      "name": "private_key",
      "provider": "provider[\"registry.terraform.io/hashicorp/local\"]",
      "instances": [
        {
          "schema_version": 0,
          "attributes": {
            "content": "-----BEGIN RSA PRIVATE KEY-----\nMIIEpAIBAAKCAQEAueV8YsKahz5+Gp13OmYNmaq3ZhIy4zOAV8Fxe1OMCy19KYMh\nbIN1P10qOB5n8KWX9zcx6aB0TR0T7/j/CJ+uQy5sZHw9zLaP83W7RBJMHhVHgGTi\nvvAXgrRasgNomOL46rkkaRQCY6vMwVQZ5zkRsH/NP3RzBbbamCgl8ONBRKPSWxtd\nHe5pAnMvfgo0aQ2t7R46Xxq/7eeRctqe+rCji3LuotH7WZ3fZIrUpuuVd9hWLpKf\nR1JhsCJ3u6owgJeKGCiRrK8tjfjjB82GTdndsHMwy+AkJpn8pYSET5h5dYduxK2M\nIWfroRiNMf+URHe/Uc5xS/9bnFcGl7q6K3IWdQIDAQABAoIBAQCBz2JghIvrzRO5\n+iN7wC/XEoMm36ZxSVFh9k8MU3cDhyxThKIeaF3DdYc50OG8BaZslzpfbhBImPmH\nJVTR7M9/UjeWo7tz7DfxRlESY8SLbUiUu94qfvWr6805aW/s8vHm1oo6ZiKU/y7o\nAZZlBFD58wScPvDjGKDkh4SXBdpZ1um7mNNrMQMCic4MS7AzQ8n+xIQuzVAOot2C\nNeGju1hzuQYUL0p70yYBJ+9VmwGBvHXTctxYmAef4uc92Hw8CM1eJ/Jb/TtL3Jh4\npLu8GxBC+5Slw2KHsCje3dmKVarHW4Og1KAKttDWxN8nVVmyExNCS0Mzn2J3EAM2\nafK3ZS0BAoGBAPB4v4HgS0bL3AP8XhltardoFiJtHQMjkqJe7eFq8ub2f6Hr8zAo\nLkrrNeH4v7Cf0sLzEt8JFxIFRvu1XogdwnozJdeXj7kZDnW+z9DHWztNQ+bD8+Ys\nci0v8BjB3ld30xhUyODy5gGBU79q9tye4sbKecJebONb/2mgg5UDNXJRAoGBAMXm\njRagLWFtURvDwqKKZLTx1JczEtgWxehnY7C7MG7rzfHRT4efoHuioF+kKAzeqAZg\ny6DDegdqtu1xUeORGW8tDY3Hb9URlzt4TxCcrPjnFxSuCiJkpgz/cYMGUGEP8z3G\n9J4eM7bOzdU0fjTMEFIGDW5Ke9vPMm83XCXuzJTlAoGACegvm54t+8CyU8e16L5F\nQ0EaiFiOdW6lv+LBUiQh1boaEAW0gytknNmL4r9oxlIPUNDK2j15odht0DjsqBbx\nyC8LRBKObUXG/rrZvPQ5ofvQ7FTuW3FBUvNCpQJ3sorRO5Nio0Hej/lQBfbWLMiu\n9xmoYoWZXtSPdT6TrTPwo8ECgYAMjkoZS2RVsBfbSRpKMbmd+VHhne3uI9O+oQCk\nL9wszW0tkHgZRLlr3q+KIeIgnufOL8n7kytk2RJuEih95bDVauhXPHYN8KXFsiZi\nCW64BAFk4H3oHLakUHilNXtYDSkDnGHcvlHNoWVRx5jSRLgsXBHyE2u0UHsEr2B7\nT6FPOQKBgQC8sAcssFuesvoAt9JsURD2qHoARxzkMIbtMS03cOYxEhWhayZJBpPx\nEoxqbS0VnjKQSxLQNZ1TnLzIPqzCigEJgwz60waP2uTU+pKElyEiCk+8xStjWqaN\n4Gcxn8Gku5j1CbEf/12+wt8H8df4+BgVrcVWA7FmfJ3o2QKwc1lXjQ==\n-----END RSA PRIVATE KEY-----\n",
            "content_base64": null,
            "content_base64sha256": "NuhY8g7I8aGHQA6peg9QsqO2nQERCCB/EzjEqtFH/AQ=",
            "content_base64sha512": "Mr3yi129GLUak/lbvL4wd4y/mAcJc+t2L5ocGFH/qaB8eM/ZtvHdKFqgWDHCfjEKi4LLqbBHj+73X3AsWcRlww==",
            "content_md5": "c10784356be81c631c2500bf36cf18fc",
            "content_sha1": "d54855abd25286d1626bce5ba7dedec34c84609c",
            "content_sha256": "36e858f20ec8f1a187400ea97a0f50b2a3b69d011108207f1338c4aad147fc04",
            "content_sha512": "32bdf28b5dbd18b51a93f95bbcbe30778cbf98070973eb762f9a1c1851ffa9a07c78cfd9b6f1dd285aa05831c27e310a8b82cba9b0478feef75f702c59c465c3",
            "directory_permission": "0777",
            "file_permission": "0400",
            "filename": "../../environment/dev/chatbot-dev-ec2-key",
            "id": "d54855abd25286d1626bce5ba7dedec34c84609c",
            "sensitive_content": null,
            "source": null
          },
          "sensitive_attributes": [
            [
              {
                "type": "get_attr",
                "value": "sensitive_content"
              }
            ],
            [
              {
                "type": "get_attr",
                "value": "content"
              }
            ]
          ],
          "dependencies": [
            "module.ec2.tls_private_key.ec2_key_pair"
          ]
        }
      ]
    },
    {
      "module": "module.ec2",
      "mode": "managed",
      "type": "tls_private_key",
      "name": "ec2_key_pair",
      "provider": "provider[\"registry.terraform.io/hashicorp/tls\"]",
      "instances": [
        {
          "schema_version": 1,
          "attributes": {
            "algorithm": "RSA",
            "ecdsa_curve": "P224",
            "id": "86237c3b5d0683021cd53bf2fe770104537add6a",
            "private_key_openssh": "-----BEGIN OPENSSH PRIVATE KEY-----\nb3BlbnNzaC1rZXktdjEAAAAABG5vbmUAAAAEbm9uZQAAAAAAAAABAAABFwAAAAdz\nc2gtcnNhAAAAAwEAAQAAAQEAueV8YsKahz5+Gp13OmYNmaq3ZhIy4zOAV8Fxe1OM\nCy19KYMhbIN1P10qOB5n8KWX9zcx6aB0TR0T7/j/CJ+uQy5sZHw9zLaP83W7RBJM\nHhVHgGTivvAXgrRasgNomOL46rkkaRQCY6vMwVQZ5zkRsH/NP3RzBbbamCgl8ONB\nRKPSWxtdHe5pAnMvfgo0aQ2t7R46Xxq/7eeRctqe+rCji3LuotH7WZ3fZIrUpuuV\nd9hWLpKfR1JhsCJ3u6owgJeKGCiRrK8tjfjjB82GTdndsHMwy+AkJpn8pYSET5h5\ndYduxK2MIWfroRiNMf+URHe/Uc5xS/9bnFcGl7q6K3IWdQAAA7hEWpNGRFqTRgAA\nAAdzc2gtcnNhAAABAQC55XxiwpqHPn4anXc6Zg2ZqrdmEjLjM4BXwXF7U4wLLX0p\ngyFsg3U/XSo4HmfwpZf3NzHpoHRNHRPv+P8In65DLmxkfD3Mto/zdbtEEkweFUeA\nZOK+8BeCtFqyA2iY4vjquSRpFAJjq8zBVBnnORGwf80/dHMFttqYKCXw40FEo9Jb\nG10d7mkCcy9+CjRpDa3tHjpfGr/t55Fy2p76sKOLcu6i0ftZnd9kitSm65V32FYu\nkp9HUmGwIne7qjCAl4oYKJGsry2N+OMHzYZN2d2wczDL4CQmmfylhIRPmHl1h27E\nrYwhZ+uhGI0x/5REd79RznFL/1ucVwaXurorchZ1AAAAAwEAAQAAAQEAgc9iYISL\n680Tufoje8Av1xKDJt+mcUlRYfZPDFN3A4csU4SiHmhdw3WHOdDhvAWmbJc6X24Q\nSJj5hyVU0ezPf1I3lqO7c+w38UZREmPEi21IlLveKn71q+vNOWlv7PLx5taKOmYi\nlP8u6AGWZQRQ+fMEnD7w4xig5IeElwXaWdbpu5jTazEDAonODEuwM0PJ/sSELs1Q\nDqLdgjXho7tYc7kGFC9Ke9MmASfvVZsBgbx103LcWJgHn+LnPdh8PAjNXifyW/07\nS9yYeKS7vBsQQvuUpcNih7Ao3t3ZilWqx1uDoNSgCrbQ1sTfJ1VZshMTQktDM59i\ndxADNmnyt2UtAQAAAIEAvLAHLLBbnrL6ALfSbFEQ9qh6AEcc5DCG7TEtN3DmMRIV\noWsmSQaT8RKMam0tFZ4ykEsS0DWdU5y8yD6swooBCYMM+tMGj9rk1PqShJchIgpP\nvMUrY1qmjeBnMZ/BpLuY9QmxH/9dvsLfB/HX+PgYFa3FVgOxZnyd6NkCsHNZV40A\nAACBAPB4v4HgS0bL3AP8XhltardoFiJtHQMjkqJe7eFq8ub2f6Hr8zAoLkrrNeH4\nv7Cf0sLzEt8JFxIFRvu1XogdwnozJdeXj7kZDnW+z9DHWztNQ+bD8+Ysci0v8BjB\n3ld30xhUyODy5gGBU79q9tye4sbKecJebONb/2mgg5UDNXJRAAAAgQDF5o0WoC1h\nbVEbw8KiimS08dSXMxLYFsXoZ2OwuzBu683x0U+Hn6B7oqBfpCgM3qgGYMugw3oH\narbtcVHjkRlvLQ2Nx2/VEZc7eE8QnKz45xcUrgoiZKYM/3GDBlBhD/M9xvSeHjO2\nzs3VNH40zBBSBg1uSnvbzzJvN1wl7syU5QAAAAAB\n-----END OPENSSH PRIVATE KEY-----\n",
            "private_key_pem": "-----BEGIN RSA PRIVATE KEY-----\nMIIEpAIBAAKCAQEAueV8YsKahz5+Gp13OmYNmaq3ZhIy4zOAV8Fxe1OMCy19KYMh\nbIN1P10qOB5n8KWX9zcx6aB0TR0T7/j/CJ+uQy5sZHw9zLaP83W7RBJMHhVHgGTi\nvvAXgrRasgNomOL46rkkaRQCY6vMwVQZ5zkRsH/NP3RzBbbamCgl8ONBRKPSWxtd\nHe5pAnMvfgo0aQ2t7R46Xxq/7eeRctqe+rCji3LuotH7WZ3fZIrUpuuVd9hWLpKf\nR1JhsCJ3u6owgJeKGCiRrK8tjfjjB82GTdndsHMwy+AkJpn8pYSET5h5dYduxK2M\nIWfroRiNMf+URHe/Uc5xS/9bnFcGl7q6K3IWdQIDAQABAoIBAQCBz2JghIvrzRO5\n+iN7wC/XEoMm36ZxSVFh9k8MU3cDhyxThKIeaF3DdYc50OG8BaZslzpfbhBImPmH\nJVTR7M9/UjeWo7tz7DfxRlESY8SLbUiUu94qfvWr6805aW/s8vHm1oo6ZiKU/y7o\nAZZlBFD58wScPvDjGKDkh4SXBdpZ1um7mNNrMQMCic4MS7AzQ8n+xIQuzVAOot2C\nNeGju1hzuQYUL0p70yYBJ+9VmwGBvHXTctxYmAef4uc92Hw8CM1eJ/Jb/TtL3Jh4\npLu8GxBC+5Slw2KHsCje3dmKVarHW4Og1KAKttDWxN8nVVmyExNCS0Mzn2J3EAM2\nafK3ZS0BAoGBAPB4v4HgS0bL3AP8XhltardoFiJtHQMjkqJe7eFq8ub2f6Hr8zAo\nLkrrNeH4v7Cf0sLzEt8JFxIFRvu1XogdwnozJdeXj7kZDnW+z9DHWztNQ+bD8+Ys\nci0v8BjB3ld30xhUyODy5gGBU79q9tye4sbKecJebONb/2mgg5UDNXJRAoGBAMXm\njRagLWFtURvDwqKKZLTx1JczEtgWxehnY7C7MG7rzfHRT4efoHuioF+kKAzeqAZg\ny6DDegdqtu1xUeORGW8tDY3Hb9URlzt4TxCcrPjnFxSuCiJkpgz/cYMGUGEP8z3G\n9J4eM7bOzdU0fjTMEFIGDW5Ke9vPMm83XCXuzJTlAoGACegvm54t+8CyU8e16L5F\nQ0EaiFiOdW6lv+LBUiQh1boaEAW0gytknNmL4r9oxlIPUNDK2j15odht0DjsqBbx\nyC8LRBKObUXG/rrZvPQ5ofvQ7FTuW3FBUvNCpQJ3sorRO5Nio0Hej/lQBfbWLMiu\n9xmoYoWZXtSPdT6TrTPwo8ECgYAMjkoZS2RVsBfbSRpKMbmd+VHhne3uI9O+oQCk\nL9wszW0tkHgZRLlr3q+KIeIgnufOL8n7kytk2RJuEih95bDVauhXPHYN8KXFsiZi\nCW64BAFk4H3oHLakUHilNXtYDSkDnGHcvlHNoWVRx5jSRLgsXBHyE2u0UHsEr2B7\nT6FPOQKBgQC8sAcssFuesvoAt9JsURD2qHoARxzkMIbtMS03cOYxEhWhayZJBpPx\nEoxqbS0VnjKQSxLQNZ1TnLzIPqzCigEJgwz60waP2uTU+pKElyEiCk+8xStjWqaN\n4Gcxn8Gku5j1CbEf/12+wt8H8df4+BgVrcVWA7FmfJ3o2QKwc1lXjQ==\n-----END RSA PRIVATE KEY-----\n",
            "private_key_pem_pkcs8": "-----BEGIN PRIVATE KEY-----\nMIIEvgIBADANBgkqhkiG9w0BAQEFAASCBKgwggSkAgEAAoIBAQC55XxiwpqHPn4a\nnXc6Zg2ZqrdmEjLjM4BXwXF7U4wLLX0pgyFsg3U/XSo4HmfwpZf3NzHpoHRNHRPv\n+P8In65DLmxkfD3Mto/zdbtEEkweFUeAZOK+8BeCtFqyA2iY4vjquSRpFAJjq8zB\nVBnnORGwf80/dHMFttqYKCXw40FEo9JbG10d7mkCcy9+CjRpDa3tHjpfGr/t55Fy\n2p76sKOLcu6i0ftZnd9kitSm65V32FYukp9HUmGwIne7qjCAl4oYKJGsry2N+OMH\nzYZN2d2wczDL4CQmmfylhIRPmHl1h27ErYwhZ+uhGI0x/5REd79RznFL/1ucVwaX\nurorchZ1AgMBAAECggEBAIHPYmCEi+vNE7n6I3vAL9cSgybfpnFJUWH2TwxTdwOH\nLFOEoh5oXcN1hznQ4bwFpmyXOl9uEEiY+YclVNHsz39SN5aju3PsN/FGURJjxItt\nSJS73ip+9avrzTlpb+zy8ebWijpmIpT/LugBlmUEUPnzBJw+8OMYoOSHhJcF2lnW\n6buY02sxAwKJzgxLsDNDyf7EhC7NUA6i3YI14aO7WHO5BhQvSnvTJgEn71WbAYG8\nddNy3FiYB5/i5z3YfDwIzV4n8lv9O0vcmHiku7wbEEL7lKXDYoewKN7d2YpVqsdb\ng6DUoAq20NbE3ydVWbITE0JLQzOfYncQAzZp8rdlLQECgYEA8Hi/geBLRsvcA/xe\nGW1qt2gWIm0dAyOSol7t4Wry5vZ/oevzMCguSus14fi/sJ/SwvMS3wkXEgVG+7Ve\niB3CejMl15ePuRkOdb7P0MdbO01D5sPz5ixyLS/wGMHeV3fTGFTI4PLmAYFTv2r2\n3J7ixsp5wl5s41v/aaCDlQM1clECgYEAxeaNFqAtYW1RG8PCoopktPHUlzMS2BbF\n6GdjsLswbuvN8dFPh5+ge6KgX6QoDN6oBmDLoMN6B2q27XFR45EZby0Njcdv1RGX\nO3hPEJys+OcXFK4KImSmDP9xgwZQYQ/zPcb0nh4zts7N1TR+NMwQUgYNbkp7288y\nbzdcJe7MlOUCgYAJ6C+bni37wLJTx7XovkVDQRqIWI51bqW/4sFSJCHVuhoQBbSD\nK2Sc2Yviv2jGUg9Q0MraPXmh2G3QOOyoFvHILwtEEo5tRcb+utm89Dmh+9DsVO5b\ncUFS80KlAneyitE7k2KjQd6P+VAF9tYsyK73GahihZle1I91PpOtM/CjwQKBgAyO\nShlLZFWwF9tJGkoxuZ35UeGd7e4j076hAKQv3CzNbS2QeBlEuWver4oh4iCe584v\nyfuTK2TZEm4SKH3lsNVq6Fc8dg3wpcWyJmIJbrgEAWTgfegctqRQeKU1e1gNKQOc\nYdy+Uc2hZVHHmNJEuCxcEfITa7RQewSvYHtPoU85AoGBALywByywW56y+gC30mxR\nEPaoegBHHOQwhu0xLTdw5jESFaFrJkkGk/ESjGptLRWeMpBLEtA1nVOcvMg+rMKK\nAQmDDPrTBo/a5NT6koSXISIKT7zFK2Napo3gZzGfwaS7mPUJsR//Xb7C3wfx1/j4\nGBWtxVYDsWZ8nejZArBzWVeN\n-----END PRIVATE KEY-----\n",
            "public_key_fingerprint_md5": "d8:e2:bf:57:87:d5:b7:6d:35:2e:6e:53:f0:20:4b:fa",
            "public_key_fingerprint_sha256": "SHA256:6fwgMHO18bEFj+2+9AuYbAoJ2UC9c1U5wc6IyzUSaZU",
            "public_key_openssh": "ssh-rsa AAAAB3NzaC1yc2EAAAADAQABAAABAQC55XxiwpqHPn4anXc6Zg2ZqrdmEjLjM4BXwXF7U4wLLX0pgyFsg3U/XSo4HmfwpZf3NzHpoHRNHRPv+P8In65DLmxkfD3Mto/zdbtEEkweFUeAZOK+8BeCtFqyA2iY4vjquSRpFAJjq8zBVBnnORGwf80/dHMFttqYKCXw40FEo9JbG10d7mkCcy9+CjRpDa3tHjpfGr/t55Fy2p76sKOLcu6i0ftZnd9kitSm65V32FYukp9HUmGwIne7qjCAl4oYKJGsry2N+OMHzYZN2d2wczDL4CQmmfylhIRPmHl1h27ErYwhZ+uhGI0x/5REd79RznFL/1ucVwaXurorchZ1\n",
            "public_key_pem": "-----BEGIN PUBLIC KEY-----\nMIIBIjANBgkqhkiG9w0BAQEFAAOCAQ8AMIIBCgKCAQEAueV8YsKahz5+Gp13OmYN\nmaq3ZhIy4zOAV8Fxe1OMCy19KYMhbIN1P10qOB5n8KWX9zcx6aB0TR0T7/j/CJ+u\nQy5sZHw9zLaP83W7RBJMHhVHgGTivvAXgrRasgNomOL46rkkaRQCY6vMwVQZ5zkR\nsH/NP3RzBbbamCgl8ONBRKPSWxtdHe5pAnMvfgo0aQ2t7R46Xxq/7eeRctqe+rCj\ni3LuotH7WZ3fZIrUpuuVd9hWLpKfR1JhsCJ3u6owgJeKGCiRrK8tjfjjB82GTdnd\nsHMwy+AkJpn8pYSET5h5dYduxK2MIWfroRiNMf+URHe/Uc5xS/9bnFcGl7q6K3IW\ndQIDAQAB\n-----END PUBLIC KEY-----\n",
            "rsa_bits": 2048
          },
          "sensitive_attributes": [
            [
              {
                "type": "get_attr",
                "value": "private_key_pem"
              }
            ],
            [
              {
                "type": "get_attr",
                "value": "private_key_pem_pkcs8"
              }
            ],
            [
              {
                "type": "get_attr",
                "value": "private_key_openssh"
              }
            ]
          ]
        }
      ]
    },
    {
      "module": "module.network",
      "mode": "data",
      "type": "aws_availability_zones",
      "name": "available",
      "provider": "provider[\"registry.terraform.io/hashicorp/aws\"]",
      "instances": [
        {
          "schema_version": 0,
          "attributes": {
            "all_availability_zones": null,
            "exclude_names": null,
            "exclude_zone_ids": null,
            "filter": null,
            "group_names": [
              "eu-west-2"
            ],
            "id": "eu-west-2",
            "names": [
              "eu-west-2a",
              "eu-west-2b",
              "eu-west-2c"
            ],
            "state": "available",
            "timeouts": null,
            "zone_ids": [
              "euw2-az2",
              "euw2-az3",
              "euw2-az1"
            ]
          },
          "sensitive_attributes": []
        }
      ]
    },
    {
      "module": "module.network",
      "mode": "managed",
      "type": "aws_internet_gateway",
      "name": "igw",
      "provider": "provider[\"registry.terraform.io/hashicorp/aws\"]",
      "instances": [
        {
          "schema_version": 0,
          "attributes": {
            "arn": "arn:aws:ec2:eu-west-2:346596735478:internet-gateway/igw-0215080da41e8667e",
            "id": "igw-0215080da41e8667e",
            "owner_id": "346596735478",
            "tags": {
              "Name": "chatbot-dev-igw"
            },
            "tags_all": {
              "Name": "chatbot-dev-igw"
            },
            "timeouts": null,
            "vpc_id": "vpc-0f1c28647c5282251"
          },
          "sensitive_attributes": [],
          "private": "eyJlMmJmYjczMC1lY2FhLTExZTYtOGY4OC0zNDM2M2JjN2M0YzAiOnsiY3JlYXRlIjoxMjAwMDAwMDAwMDAwLCJkZWxldGUiOjEyMDAwMDAwMDAwMDAsInVwZGF0ZSI6MTIwMDAwMDAwMDAwMH19",
          "dependencies": [
            "module.network.aws_vpc.vpc"
          ]
        }
      ]
    },
    {
      "module": "module.network",
      "mode": "managed",
      "type": "aws_route_table",
      "name": "public",
      "provider": "provider[\"registry.terraform.io/hashicorp/aws\"]",
      "instances": [
        {
          "schema_version": 0,
          "attributes": {
            "arn": "arn:aws:ec2:eu-west-2:346596735478:route-table/rtb-0e9165bacc1358dbb",
            "id": "rtb-0e9165bacc1358dbb",
            "owner_id": "346596735478",
            "propagating_vgws": [],
            "route": [
              {
                "carrier_gateway_id": "",
                "cidr_block": "0.0.0.0/0",
                "core_network_arn": "",
                "destination_prefix_list_id": "",
                "egress_only_gateway_id": "",
                "gateway_id": "igw-0215080da41e8667e",
                "ipv6_cidr_block": "",
                "local_gateway_id": "",
                "nat_gateway_id": "",
                "network_interface_id": "",
                "transit_gateway_id": "",
                "vpc_endpoint_id": "",
                "vpc_peering_connection_id": ""
              }
            ],
            "tags": {
              "Name": "chatbot-dev-public-rt"
            },
            "tags_all": {
              "Name": "chatbot-dev-public-rt"
            },
            "timeouts": null,
            "vpc_id": "vpc-0f1c28647c5282251"
          },
          "sensitive_attributes": [],
          "private": "eyJlMmJmYjczMC1lY2FhLTExZTYtOGY4OC0zNDM2M2JjN2M0YzAiOnsiY3JlYXRlIjozMDAwMDAwMDAwMDAsImRlbGV0ZSI6MzAwMDAwMDAwMDAwLCJ1cGRhdGUiOjEyMDAwMDAwMDAwMH19",
          "dependencies": [
            "module.network.aws_internet_gateway.igw",
            "module.network.aws_vpc.vpc"
          ]
        }
      ]
    },
    {
      "module": "module.network",
      "mode": "managed",
      "type": "aws_route_table_association",
      "name": "public",
      "provider": "provider[\"registry.terraform.io/hashicorp/aws\"]",
      "instances": [
        {
          "schema_version": 0,
          "attributes": {
            "gateway_id": "",
            "id": "rtbassoc-08f600ecd36d57cf7",
            "route_table_id": "rtb-0e9165bacc1358dbb",
            "subnet_id": "subnet-001d83c9829de3073",
            "timeouts": null
          },
          "sensitive_attributes": [],
          "private": "eyJlMmJmYjczMC1lY2FhLTExZTYtOGY4OC0zNDM2M2JjN2M0YzAiOnsiY3JlYXRlIjozMDAwMDAwMDAwMDAsImRlbGV0ZSI6MzAwMDAwMDAwMDAwLCJ1cGRhdGUiOjEyMDAwMDAwMDAwMH19",
          "dependencies": [
            "module.network.aws_internet_gateway.igw",
            "module.network.aws_route_table.public",
            "module.network.aws_subnet.public",
            "module.network.aws_vpc.vpc",
            "module.network.data.aws_availability_zones.available"
          ]
        }
      ]
    },
    {
      "module": "module.network",
      "mode": "managed",
      "type": "aws_subnet",
      "name": "public",
      "provider": "provider[\"registry.terraform.io/hashicorp/aws\"]",
      "instances": [
        {
          "schema_version": 1,
          "attributes": {
            "arn": "arn:aws:ec2:eu-west-2:346596735478:subnet/subnet-001d83c9829de3073",
            "assign_ipv6_address_on_creation": false,
            "availability_zone": "eu-west-2a",
            "availability_zone_id": "euw2-az2",
            "cidr_block": "10.0.1.0/24",
            "customer_owned_ipv4_pool": "",
            "enable_dns64": false,
            "enable_lni_at_device_index": 0,
            "enable_resource_name_dns_a_record_on_launch": false,
            "enable_resource_name_dns_aaaa_record_on_launch": false,
            "id": "subnet-001d83c9829de3073",
            "ipv6_cidr_block": "",
            "ipv6_cidr_block_association_id": "",
            "ipv6_native": false,
            "map_customer_owned_ip_on_launch": false,
            "map_public_ip_on_launch": true,
            "outpost_arn": "",
            "owner_id": "346596735478",
            "private_dns_hostname_type_on_launch": "ip-name",
            "tags": {
              "Name": "chatbot-dev-public-subnet"
            },
            "tags_all": {
              "Name": "chatbot-dev-public-subnet"
            },
            "timeouts": null,
            "vpc_id": "vpc-0f1c28647c5282251"
          },
          "sensitive_attributes": [],
          "private": "eyJlMmJmYjczMC1lY2FhLTExZTYtOGY4OC0zNDM2M2JjN2M0YzAiOnsiY3JlYXRlIjo2MDAwMDAwMDAwMDAsImRlbGV0ZSI6MTIwMDAwMDAwMDAwMH0sInNjaGVtYV92ZXJzaW9uIjoiMSJ9",
          "dependencies": [
            "module.network.aws_vpc.vpc",
            "module.network.data.aws_availability_zones.available"
          ]
        }
      ]
    },
    {
      "module": "module.network",
      "mode": "managed",
      "type": "aws_vpc",
      "name": "vpc",
      "provider": "provider[\"registry.terraform.io/hashicorp/aws\"]",
      "instances": [
        {
          "schema_version": 1,
          "attributes": {
            "arn": "arn:aws:ec2:eu-west-2:346596735478:vpc/vpc-0f1c28647c5282251",
            "assign_generated_ipv6_cidr_block": false,
            "cidr_block": "10.0.0.0/16",
            "default_network_acl_id": "acl-0cc34cfe4b0c998d6",
            "default_route_table_id": "rtb-092c246363ba68e95",
            "default_security_group_id": "sg-069dbc34908457f49",
            "dhcp_options_id": "dopt-ab8adbc2",
            "enable_dns_hostnames": true,
            "enable_dns_support": true,
            "enable_network_address_usage_metrics": false,
            "id": "vpc-0f1c28647c5282251",
            "instance_tenancy": "default",
            "ipv4_ipam_pool_id": null,
            "ipv4_netmask_length": null,
            "ipv6_association_id": "",
            "ipv6_cidr_block": "",
            "ipv6_cidr_block_network_border_group": "",
            "ipv6_ipam_pool_id": "",
            "ipv6_netmask_length": 0,
            "main_route_table_id": "rtb-092c246363ba68e95",
            "owner_id": "346596735478",
            "tags": {
              "Name": "chatbot-dev-vpc"
            },
            "tags_all": {
              "Name": "chatbot-dev-vpc"
            }
          },
          "sensitive_attributes": [],
          "private": "eyJzY2hlbWFfdmVyc2lvbiI6IjEifQ=="
        }
      ]
    },
    {
      "module": "module.sg",
      "mode": "managed",
      "type": "aws_security_group",
      "name": "ec2_sg",
      "provider": "provider[\"registry.terraform.io/hashicorp/aws\"]",
      "instances": [
        {
          "schema_version": 1,
          "attributes": {
            "arn": "arn:aws:ec2:eu-west-2:346596735478:security-group/sg-006d342c2edb24f27",
            "description": "Managed by Terraform",
            "egress": [
              {
                "cidr_blocks": [
                  "0.0.0.0/0"
                ],
                "description": "",
                "from_port": 0,
                "ipv6_cidr_blocks": [],
                "prefix_list_ids": [],
                "protocol": "-1",
                "security_groups": [],
                "self": false,
                "to_port": 0
              }
            ],
            "id": "sg-006d342c2edb24f27",
            "ingress": [
              {
                "cidr_blocks": [
                  "20.223.228.255/32"
                ],
                "description": "",
                "from_port": 22,
                "ipv6_cidr_blocks": [],
                "prefix_list_ids": [],
                "protocol": "tcp",
                "security_groups": [],
                "self": false,
                "to_port": 22
              },
              {
                "cidr_blocks": [
                  "20.223.228.255/32"
                ],
                "description": "",
                "from_port": 80,
                "ipv6_cidr_blocks": [],
                "prefix_list_ids": [],
                "protocol": "tcp",
                "security_groups": [],
                "self": false,
                "to_port": 80
              }
            ],
            "name": "chatbot-dev-ec2-sg",
            "name_prefix": "",
            "owner_id": "346596735478",
            "revoke_rules_on_delete": false,
            "tags": null,
            "tags_all": {},
            "timeouts": null,
            "vpc_id": "vpc-0f1c28647c5282251"
          },
          "sensitive_attributes": [],
          "private": "eyJlMmJmYjczMC1lY2FhLTExZTYtOGY4OC0zNDM2M2JjN2M0YzAiOnsiY3JlYXRlIjo2MDAwMDAwMDAwMDAsImRlbGV0ZSI6OTAwMDAwMDAwMDAwfSwic2NoZW1hX3ZlcnNpb24iOiIxIn0=",
          "dependencies": [
            "module.network.aws_vpc.vpc"
          ]
        }
      ]
    }
  ],
  "check_results": null
}
